
Microsoft Visual Studio Solution File, Format Version 12.00
# Visual Studio 14
VisualStudioVersion = 14.0.25123.0
MinimumVisualStudioVersion = 10.0.40219.1
Project("{FAE04EC0-301F-11D3-BF4B-00C04F79EFBC}") = "KafkaIntegrationSample", "KafkaIntegrationSample\KafkaIntegrationSample.csproj", "{3A7E156E-CC5C-4ECF-A60D-44941A465023}"
EndProject
Project("{FAE04EC0-301F-11D3-BF4B-00C04F79EFBC}") = "KafkaIntegrationSample.Consumer", "KafkaIntegrationSample.Consumer\KafkaIntegrationSample.Consumer.csproj", "{FE18F46D-3C22-4AAC-AE58-E4F50B12A350}"
EndProject
Project("{FAE04EC0-301F-11D3-BF4B-00C04F79EFBC}") = "KafkaIntegrationSample.ProducerService", "KafkaIntegrationSample.ProducerService\KafkaIntegrationSample.ProducerService.csproj", "{703E10B9-7DB6-4D41-AC1B-AF0C50D1F0FA}"
EndProject
Global
	GlobalSection(SolutionConfigurationPlatforms) = preSolution
		Debug|Any CPU = Debug|Any CPU
		Release|Any CPU = Release|Any CPU
	EndGlobalSection
	GlobalSection(ProjectConfigurationPlatforms) = postSolution
		{3A7E156E-CC5C-4ECF-A60D-44941A465023}.Debug|Any CPU.ActiveCfg = Debug|Any CPU
		{3A7E156E-CC5C-4ECF-A60D-44941A465023}.Debug|Any CPU.Build.0 = Debug|Any CPU
		{3A7E156E-CC5C-4ECF-A60D-44941A465023}.Release|Any CPU.ActiveCfg = Release|Any CPU
		{3A7E156E-CC5C-4ECF-A60D-44941A465023}.Release|Any CPU.Build.0 = Release|Any CPU
		{FE18F46D-3C22-4AAC-AE58-E4F50B12A350}.Debug|Any CPU.ActiveCfg = Debug|Any CPU
		{FE18F46D-3C22-4AAC-AE58-E4F50B12A350}.Debug|Any CPU.Build.0 = Debug|Any CPU
		{FE18F46D-3C22-4AAC-AE58-E4F50B12A350}.Release|Any CPU.ActiveCfg = Release|Any CPU
		{FE18F46D-3C22-4AAC-AE58-E4F50B12A350}.Release|Any CPU.Build.0 = Release|Any CPU
		{703E10B9-7DB6-4D41-AC1B-AF0C50D1F0FA}.Debug|Any CPU.ActiveCfg = Debug|Any CPU
		{703E10B9-7DB6-4D41-AC1B-AF0C50D1F0FA}.Debug|Any CPU.Build.0 = Debug|Any CPU
		{703E10B9-7DB6-4D41-AC1B-AF0C50D1F0FA}.Release|Any CPU.ActiveCfg = Release|Any CPU
		{703E10B9-7DB6-4D41-AC1B-AF0C50D1F0FA}.Release|Any CPU.Build.0 = Release|Any CPU
	EndGlobalSection
	GlobalSection(SolutionProperties) = preSolution
		HideSolutionNode = FALSE
	EndGlobalSection
EndGlobal
